
Microsoft Visual Studio Solution File, Format Version 12.00
# Visual Studio Version 17
VisualStudioVersion = 17.3.32929.385
MinimumVisualStudioVersion = 10.0.40219.1
Project("{FAE04EC0-301F-11D3-BF4B-00C04F79EFBC}") = "UC1PresentAbsent", "UC1PresentAbsent.csproj", "{D99CAA8F-75B3-40A2-8D4A-D64E384A98EE}"
EndProject
Global
	GlobalSection(SolutionConfigurationPlatforms) = preSolution
		Debug|Any CPU = Debug|Any CPU
		Release|Any CPU = Release|Any CPU
	EndGlobalSection
	GlobalSection(ProjectConfigurationPlatforms) = postSolution
		{D99CAA8F-75B3-40A2-8D4A-D64E384A98EE}.Debug|Any CPU.ActiveCfg = Debug|Any CPU
		{D99CAA8F-75B3-40A2-8D4A-D64E384A98EE}.Debug|Any CPU.Build.0 = Debug|Any CPU
		{D99CAA8F-75B3-40A2-8D4A-D64E384A98EE}.Release|Any CPU.ActiveCfg = Release|Any CPU
		{D99CAA8F-75B3-40A2-8D4A-D64E384A98EE}.Release|Any CPU.Build.0 = Release|Any CPU
	EndGlobalSection
	GlobalSection(SolutionProperties) = preSolution
		HideSolutionNode = FALSE
	EndGlobalSection
	GlobalSection(ExtensibilityGlobals) = postSolution
		SolutionGuid = {B5784186-0534-4B68-BB1A-2E123D8177D2}
	EndGlobalSection
EndGlobal
