
Microsoft Visual Studio Solution File, Format Version 12.00
# Visual Studio Version 17
VisualStudioVersion = 17.3.32929.385
MinimumVisualStudioVersion = 10.0.40219.1
Project("{FAE04EC0-301F-11D3-BF4B-00C04F79EFBC}") = "UC6WagesTillCondi", "UC6WagesTillCondi.csproj", "{6AB3B77D-7CFF-4317-A2C3-1CC55AEDA585}"
EndProject
Global
	GlobalSection(SolutionConfigurationPlatforms) = preSolution
		Debug|Any CPU = Debug|Any CPU
		Release|Any CPU = Release|Any CPU
	EndGlobalSection
	GlobalSection(ProjectConfigurationPlatforms) = postSolution
		{6AB3B77D-7CFF-4317-A2C3-1CC55AEDA585}.Debug|Any CPU.ActiveCfg = Debug|Any CPU
		{6AB3B77D-7CFF-4317-A2C3-1CC55AEDA585}.Debug|Any CPU.Build.0 = Debug|Any CPU
		{6AB3B77D-7CFF-4317-A2C3-1CC55AEDA585}.Release|Any CPU.ActiveCfg = Release|Any CPU
		{6AB3B77D-7CFF-4317-A2C3-1CC55AEDA585}.Release|Any CPU.Build.0 = Release|Any CPU
	EndGlobalSection
	GlobalSection(SolutionProperties) = preSolution
		HideSolutionNode = FALSE
	EndGlobalSection
	GlobalSection(ExtensibilityGlobals) = postSolution
		SolutionGuid = {0F9D2A92-1D07-4C52-9A38-91B81A710B31}
	EndGlobalSection
EndGlobal
